Microsoft Visual Studio Solution File, Format Version 12.00
# Visual Studio Version 17
VisualStudioVersion = 17.13.35931.197
MinimumVisualStudioVersion = 10.0.40219.1
Project("{FAE04EC0-301F-11D3-BF4B-00C04F79EFBC}") = "NiceEntry", "NiceEntry\NiceEntry.csproj", "{3242F786-274D-47D8-A831-C5F1650D22D2}"
EndProject
Project("{FAE04EC0-301F-11D3-BF4B-00C04F79EFBC}") = "NiceEntryDemoApp", "NiceEntryDemoApp\NiceEntryDemoApp.csproj", "{B427E82B-1335-4F04-9E6E-31B5DDA21622}"
EndProject
Global
	GlobalSection(SolutionConfigurationPlatforms) = preSolution
		Debug|Any CPU = Debug|Any CPU
		Release|Any CPU = Release|Any CPU
	EndGlobalSection
	GlobalSection(ProjectConfigurationPlatforms) = postSolution
		{3242F786-274D-47D8-A831-C5F1650D22D2}.Debug|Any CPU.ActiveCfg = Debug|Any CPU
		{3242F786-274D-47D8-A831-C5F1650D22D2}.Debug|Any CPU.Build.0 = Debug|Any CPU
		{3242F786-274D-47D8-A831-C5F1650D22D2}.Release|Any CPU.ActiveCfg = Release|Any CPU
		{3242F786-274D-47D8-A831-C5F1650D22D2}.Release|Any CPU.Build.0 = Release|Any CPU
		{B427E82B-1335-4F04-9E6E-31B5DDA21622}.Debug|Any CPU.ActiveCfg = Debug|Any CPU
		{B427E82B-1335-4F04-9E6E-31B5DDA21622}.Debug|Any CPU.Build.0 = Debug|Any CPU
		{B427E82B-1335-4F04-9E6E-31B5DDA21622}.Debug|Any CPU.Deploy.0 = Debug|Any CPU
		{B427E82B-1335-4F04-9E6E-31B5DDA21622}.Release|Any CPU.ActiveCfg = Release|Any CPU
	EndGlobalSection
	GlobalSection(SolutionProperties) = preSolution
		HideSolutionNode = FALSE
	EndGlobalSection
	GlobalSection(ExtensibilityGlobals) = postSolution
		SolutionGuid = {7FDB618B-CBC1-430C-B1B9-4D6F84DA2651}
	EndGlobalSection
EndGlobal
